
Microsoft Visual Studio Solution File, Format Version 12.00
# Visual Studio 15
VisualStudioVersion = 15.0.28307.421
MinimumVisualStudioVersion = 10.0.40219.1
Project("{8BC9CEB8-8B4A-11D0-8D11-00A0C91BC942}") = "EffectFarm.D3DCompiler", "src\EffectFarm.D3DCompiler\EffectFarm.D3DCompiler.vcxproj", "{695EB951-647E-4161-B135-DB5452962EF9}"
EndProject
Project("{9A19103F-16F7-4668-BE54-9A1E7A4F7556}") = "EffectFarm.Compiler", "src\EffectFarm.Compiler\EffectFarm.Compiler.csproj", "{E8F03561-A8DE-4550-A023-0E2859D142B1}"
EndProject
Global
	GlobalSection(SolutionConfigurationPlatforms) = preSolution
		Debug|Any CPU = Debug|Any CPU
		Debug|x64 = Debug|x64
		Debug|x86 = Debug|x86
		Release|Any CPU = Release|Any CPU
		Release|x64 = Release|x64
		Release|x86 = Release|x86
	EndGlobalSection
	GlobalSection(ProjectConfigurationPlatforms) = postSolution
		{695EB951-647E-4161-B135-DB5452962EF9}.Debug|Any CPU.ActiveCfg = Debug|Win32
		{695EB951-647E-4161-B135-DB5452962EF9}.Debug|Any CPU.Build.0 = Debug|Win32
		{695EB951-647E-4161-B135-DB5452962EF9}.Debug|x64.ActiveCfg = Debug|x64
		{695EB951-647E-4161-B135-DB5452962EF9}.Debug|x64.Build.0 = Debug|x64
		{695EB951-647E-4161-B135-DB5452962EF9}.Debug|x86.ActiveCfg = Debug|Win32
		{695EB951-647E-4161-B135-DB5452962EF9}.Debug|x86.Build.0 = Debug|Win32
		{695EB951-647E-4161-B135-DB5452962EF9}.Release|Any CPU.ActiveCfg = Release|Win32
		{695EB951-647E-4161-B135-DB5452962EF9}.Release|x64.ActiveCfg = Release|x64
		{695EB951-647E-4161-B135-DB5452962EF9}.Release|x64.Build.0 = Release|x64
		{695EB951-647E-4161-B135-DB5452962EF9}.Release|x86.ActiveCfg = Release|Win32
		{695EB951-647E-4161-B135-DB5452962EF9}.Release|x86.Build.0 = Release|Win32
		{E8F03561-A8DE-4550-A023-0E2859D142B1}.Debug|Any CPU.ActiveCfg = Debug|Any CPU
		{E8F03561-A8DE-4550-A023-0E2859D142B1}.Debug|Any CPU.Build.0 = Debug|Any CPU
		{E8F03561-A8DE-4550-A023-0E2859D142B1}.Debug|x64.ActiveCfg = Debug|x64
		{E8F03561-A8DE-4550-A023-0E2859D142B1}.Debug|x64.Build.0 = Debug|x64
		{E8F03561-A8DE-4550-A023-0E2859D142B1}.Debug|x86.ActiveCfg = Debug|Any CPU
		{E8F03561-A8DE-4550-A023-0E2859D142B1}.Debug|x86.Build.0 = Debug|Any CPU
		{E8F03561-A8DE-4550-A023-0E2859D142B1}.Release|Any CPU.ActiveCfg = Release|Any CPU
		{E8F03561-A8DE-4550-A023-0E2859D142B1}.Release|Any CPU.Build.0 = Release|Any CPU
		{E8F03561-A8DE-4550-A023-0E2859D142B1}.Release|x64.ActiveCfg = Release|x64
		{E8F03561-A8DE-4550-A023-0E2859D142B1}.Release|x64.Build.0 = Release|x64
		{E8F03561-A8DE-4550-A023-0E2859D142B1}.Release|x86.ActiveCfg = Release|Any CPU
		{E8F03561-A8DE-4550-A023-0E2859D142B1}.Release|x86.Build.0 = Release|Any CPU
	EndGlobalSection
	GlobalSection(SolutionProperties) = preSolution
		HideSolutionNode = FALSE
	EndGlobalSection
	GlobalSection(ExtensibilityGlobals) = postSolution
		SolutionGuid = {5383F113-ADC3-4EF4-93D7-F6D79C0B9169}
	EndGlobalSection
EndGlobal
