
Microsoft Visual Studio Solution File, Format Version 12.00
# Visual Studio 15
VisualStudioVersion = 15.0.28307.421
MinimumVisualStudioVersion = 10.0.40219.1
Project("{8BC9CEB8-8B4A-11D0-8D11-00A0C91BC942}") = "EffectFarm.D3DCompiler", "src\EffectFarm.D3DCompiler\EffectFarm.D3DCompiler.vcxproj", "{695EB951-647E-4161-B135-DB5452962EF9}"
EndProject
Project("{FAE04EC0-301F-11D3-BF4B-00C04F79EFBC}") = "EffectFarm.Compiler", "src\EffectFarm.Compiler\EffectFarm.Compiler.csproj", "{53E520B0-1C2D-4953-9B45-F884FD01D1C6}"
EndProject
Project("{FAE04EC0-301F-11D3-BF4B-00C04F79EFBC}") = "EffectFarm", "src\EffectFarm\EffectFarm.csproj", "{F2F272EC-1C7C-4E51-8EF5-AE5DF8C84A8A}"
EndProject
Global
	GlobalSection(SolutionConfigurationPlatforms) = preSolution
		Debug|Any CPU = Debug|Any CPU
		Debug|x64 = Debug|x64
		Debug|x86 = Debug|x86
		Release|Any CPU = Release|Any CPU
		Release|x64 = Release|x64
		Release|x86 = Release|x86
	EndGlobalSection
	GlobalSection(ProjectConfigurationPlatforms) = postSolution
		{695EB951-647E-4161-B135-DB5452962EF9}.Debug|Any CPU.ActiveCfg = Debug|Win32
		{695EB951-647E-4161-B135-DB5452962EF9}.Debug|Any CPU.Build.0 = Debug|Win32
		{695EB951-647E-4161-B135-DB5452962EF9}.Debug|x64.ActiveCfg = Debug|x64
		{695EB951-647E-4161-B135-DB5452962EF9}.Debug|x64.Build.0 = Debug|x64
		{695EB951-647E-4161-B135-DB5452962EF9}.Debug|x86.ActiveCfg = Debug|Win32
		{695EB951-647E-4161-B135-DB5452962EF9}.Debug|x86.Build.0 = Debug|Win32
		{695EB951-647E-4161-B135-DB5452962EF9}.Release|Any CPU.ActiveCfg = Release|Win32
		{695EB951-647E-4161-B135-DB5452962EF9}.Release|x64.ActiveCfg = Release|x64
		{695EB951-647E-4161-B135-DB5452962EF9}.Release|x64.Build.0 = Release|x64
		{695EB951-647E-4161-B135-DB5452962EF9}.Release|x86.ActiveCfg = Release|Win32
		{695EB951-647E-4161-B135-DB5452962EF9}.Release|x86.Build.0 = Release|Win32
		{53E520B0-1C2D-4953-9B45-F884FD01D1C6}.Debug|Any CPU.ActiveCfg = Debug|Any CPU
		{53E520B0-1C2D-4953-9B45-F884FD01D1C6}.Debug|Any CPU.Build.0 = Debug|Any CPU
		{53E520B0-1C2D-4953-9B45-F884FD01D1C6}.Debug|x64.ActiveCfg = Debug|Any CPU
		{53E520B0-1C2D-4953-9B45-F884FD01D1C6}.Debug|x64.Build.0 = Debug|Any CPU
		{53E520B0-1C2D-4953-9B45-F884FD01D1C6}.Debug|x86.ActiveCfg = Debug|Any CPU
		{53E520B0-1C2D-4953-9B45-F884FD01D1C6}.Debug|x86.Build.0 = Debug|Any CPU
		{53E520B0-1C2D-4953-9B45-F884FD01D1C6}.Release|Any CPU.ActiveCfg = Release|Any CPU
		{53E520B0-1C2D-4953-9B45-F884FD01D1C6}.Release|Any CPU.Build.0 = Release|Any CPU
		{53E520B0-1C2D-4953-9B45-F884FD01D1C6}.Release|x64.ActiveCfg = Release|Any CPU
		{53E520B0-1C2D-4953-9B45-F884FD01D1C6}.Release|x64.Build.0 = Release|Any CPU
		{53E520B0-1C2D-4953-9B45-F884FD01D1C6}.Release|x86.ActiveCfg = Release|Any CPU
		{53E520B0-1C2D-4953-9B45-F884FD01D1C6}.Release|x86.Build.0 = Release|Any CPU
		{F2F272EC-1C7C-4E51-8EF5-AE5DF8C84A8A}.Debug|Any CPU.ActiveCfg = Debug|Any CPU
		{F2F272EC-1C7C-4E51-8EF5-AE5DF8C84A8A}.Debug|Any CPU.Build.0 = Debug|Any CPU
		{F2F272EC-1C7C-4E51-8EF5-AE5DF8C84A8A}.Debug|x64.ActiveCfg = Debug|Any CPU
		{F2F272EC-1C7C-4E51-8EF5-AE5DF8C84A8A}.Debug|x64.Build.0 = Debug|Any CPU
		{F2F272EC-1C7C-4E51-8EF5-AE5DF8C84A8A}.Debug|x86.ActiveCfg = Debug|Any CPU
		{F2F272EC-1C7C-4E51-8EF5-AE5DF8C84A8A}.Debug|x86.Build.0 = Debug|Any CPU
		{F2F272EC-1C7C-4E51-8EF5-AE5DF8C84A8A}.Release|Any CPU.ActiveCfg = Release|Any CPU
		{F2F272EC-1C7C-4E51-8EF5-AE5DF8C84A8A}.Release|Any CPU.Build.0 = Release|Any CPU
		{F2F272EC-1C7C-4E51-8EF5-AE5DF8C84A8A}.Release|x64.ActiveCfg = Release|Any CPU
		{F2F272EC-1C7C-4E51-8EF5-AE5DF8C84A8A}.Release|x64.Build.0 = Release|Any CPU
		{F2F272EC-1C7C-4E51-8EF5-AE5DF8C84A8A}.Release|x86.ActiveCfg = Release|Any CPU
		{F2F272EC-1C7C-4E51-8EF5-AE5DF8C84A8A}.Release|x86.Build.0 = Release|Any CPU
	EndGlobalSection
	GlobalSection(SolutionProperties) = preSolution
		HideSolutionNode = FALSE
	EndGlobalSection
	GlobalSection(ExtensibilityGlobals) = postSolution
		SolutionGuid = {5383F113-ADC3-4EF4-93D7-F6D79C0B9169}
	EndGlobalSection
EndGlobal
